
Microsoft Visual Studio Solution File, Format Version 12.00
# Visual Studio 15
VisualStudioVersion = 15.0.28306.52
MinimumVisualStudioVersion = 10.0.40219.1
Project("{FAE04EC0-301F-11D3-BF4B-00C04F79EFBC}") = "SalesWebMVC", "SalesWebMVC\SalesWebMVC.csproj", "{2088374A-68F6-40A0-A227-9241F73BEF9D}"
EndProject
Global
	GlobalSection(SolutionConfigurationPlatforms) = preSolution
		Debug|Any CPU = Debug|Any CPU
		Release|Any CPU = Release|Any CPU
	EndGlobalSection
	GlobalSection(ProjectConfigurationPlatforms) = postSolution
		{2088374A-68F6-40A0-A227-9241F73BEF9D}.Debug|Any CPU.ActiveCfg = Debug|Any CPU
		{2088374A-68F6-40A0-A227-9241F73BEF9D}.Debug|Any CPU.Build.0 = Debug|Any CPU
		{2088374A-68F6-40A0-A227-9241F73BEF9D}.Release|Any CPU.ActiveCfg = Release|Any CPU
		{2088374A-68F6-40A0-A227-9241F73BEF9D}.Release|Any CPU.Build.0 = Release|Any CPU
	EndGlobalSection
	GlobalSection(SolutionProperties) = preSolution
		HideSolutionNode = FALSE
	EndGlobalSection
	GlobalSection(ExtensibilityGlobals) = postSolution
		SolutionGuid = {4E117888-1661-41DB-8DD8-D326D863EA07}
	EndGlobalSection
EndGlobal
